// !$*UTF8*$!
{
	archiveVersion = 1;
	classes = {
	};
	objectVersion = 54;
	objects = {

/* Begin PBXBuildFile section */
		13B07FBF1A68108700A75B9A /* Images.xcassets in Resources */ = {isa = PBXBuildFile; fileRef = 13B07FB51A68108700A75B9A /* Images.xcassets */; };
		13B07FC11A68108700A75B9A /* assets in Resources */ = {isa = PBXBuildFile; fileRef = 13B07FC31A68108700A75B9A /* assets */; };
		16E8CDA4E1A14C7FABBDE038 /* MainInterface.storyboard in Resources */ = {isa = PBXBuildFile; fileRef = EC55A420234F4D3791336DC1 /* MainInterface.storyboard */; };
		34B76A09326044BBB7A58CB5 /* ShareViewController.swift in Sources */ = {isa = PBXBuildFile; fileRef = 08EA97E48C5243729DB8EE3B /* ShareViewController.swift */; };
		3C1C03A00C6946478E12DD89 /* PrivacyInfo.xcprivacy in Resources */ = {isa = PBXBuildFile; fileRef = 4CEB794B2D7A41E9880C7409 /* PrivacyInfo.xcprivacy */; };
		3E461D99554A48A4959DE609 /* SplashScreen.storyboard in Resources */ = {isa = PBXBuildFile; fileRef = AA286B85B6C04FC6940260E9 /* SplashScreen.storyboard */; };
		43A84DBF4CE4CCE35E350F51 /* ExpoModulesProvider.swift in Sources */ = {isa = PBXBuildFile; fileRef = 3E542E8D3E53F8ED8E4CC5DF /* ExpoModulesProvider.swift */; };
		55009D25EEBEA6F588CCE93B /* libPods-SOONLOG.a in Frameworks */ = {isa = PBXBuildFile; fileRef = 66708DC70A49CD96870F2473 /* libPods-SOONLOG.a */; };
		7C04C8EC4B6F4E8E9CE51101 /* IdeaBoardsModule.swift in Sources */ = {isa = PBXBuildFile; fileRef = 7C04C8EA4B6F4E8E9CE51101 /* IdeaBoardsModule.swift */; };
		7C04C8ED4B6F4E8E9CE51101 /* IdeaBoardsModule.m in Sources */ = {isa = PBXBuildFile; fileRef = 7C04C8EB4B6F4E8E9CE51101 /* IdeaBoardsModule.m */; };
		7C0F00000000000000000001 /* Feather.ttf in Resources */ = {isa = PBXBuildFile; fileRef = 7C0F00000000000000000011 /* Feather.ttf */; };
		7C0F00000000000000000002 /* FontAwesome.ttf in Resources */ = {isa = PBXBuildFile; fileRef = 7C0F00000000000000000012 /* FontAwesome.ttf */; };
		7C0F00000000000000000003 /* Ionicons.ttf in Resources */ = {isa = PBXBuildFile; fileRef = 7C0F00000000000000000013 /* Ionicons.ttf */; };
		7C0F00000000000000000004 /* MaterialCommunityIcons.ttf in Resources */ = {isa = PBXBuildFile; fileRef = 7C0F00000000000000000014 /* MaterialCommunityIcons.ttf */; };
		7C0F00000000000000000005 /* MaterialIcons.ttf in Resources */ = {isa = PBXBuildFile; fileRef = 7C0F00000000000000000015 /* MaterialIcons.ttf */; };
		A4C8C2C80B24457C92A9D032 /* ShareExtensionPreprocessor.js in Resources */ = {isa = PBXBuildFile; fileRef = A142CE13B04A4693A1D68415 /* ShareExtensionPreprocessor.js */; };
		BB2F792D24A3F905000567C9 /* Expo.plist in Resources */ = {isa = PBXBuildFile; fileRef = BB2F792C24A3F905000567C9 /* Expo.plist */; };
		DDE089907FF6E03CAF8DF800 /* PrivacyInfo.xcprivacy in Resources */ = {isa = PBXBuildFile; fileRef = 4CEB794B2D7A41E9880C7409 /* PrivacyInfo.xcprivacy */; };
		F11748422D0307B40044C1D9 /* AppDelegate.swift in Sources */ = {isa = PBXBuildFile; fileRef = F11748412D0307B40044C1D9 /* AppDelegate.swift */; };
		F44545A25BA14252BDF72D9E /* ShareExtension.appex in Copy Files */ = {isa = PBXBuildFile; fileRef = 5EEC31ACE11846CA9067CE2F /* ShareExtension.appex */; };
/* End PBXBuildFile section */

/* Begin PBXContainerItemProxy section */
		6A4EEF147E72435DA72BC59B /* PBXContainerItemProxy */ = {
			isa = PBXContainerItemProxy;
			containerPortal = 83CBB9F71A601CBA00E9B192 /* Project object */;
			proxyType = 1;
			remoteGlobalIDString = ED6B13FB88B441BDA9C8E670;
			remoteInfo = ShareExtension;
		};
/* End PBXContainerItemProxy section */

/* Begin PBXCopyFilesBuildPhase section */
		A8B2373F91F7427BA40FAC0E /* Copy Files */ = {
			isa = PBXCopyFilesBuildPhase;
			buildActionMask = 2147483647;
			dstPath = "";
			dstSubfolderSpec = 13;
			files = (
				F44545A25BA14252BDF72D9E /* ShareExtension.appex in Copy Files */,
			);
			name = "Copy Files";
			runOnlyForDeploymentPostprocessing = 0;
		};
/* End PBXCopyFilesBuildPhase section */

/* Begin PBXFileReference section */
		08EA97E48C5243729DB8EE3B /* ShareViewController.swift */ = {isa = PBXFileReference; explicitFileType = undefined; fileEncoding = 4; includeInIndex = 0; lastKnownFileType = sourcecode.swift; name = ShareViewController.swift; path = ShareViewController.swift; sourceTree = "<group>"; };
		13B07F961A680F5B00A75B9A /* SOONLOG.app */ = {isa = PBXFileReference; explicitFileType = wrapper.application; includeInIndex = 0; path = SOONLOG.app; sourceTree = BUILT_PRODUCTS_DIR; };
		13B07FB51A68108700A75B9A /* Images.xcassets */ = {isa = PBXFileReference; lastKnownFileType = folder.assetcatalog; name = Images.xcassets; path = SOONLOG/Images.xcassets; sourceTree = "<group>"; };
		13B07FB61A68108700A75B9A /* Info.plist */ = {isa = PBXFileReference; fileEncoding = 4; lastKnownFileType = text.plist.xml; name = Info.plist; path = SOONLOG/Info.plist; sourceTree = "<group>"; };
		13B07FC21A68108700A75B9A /* main.jsbundle */ = {isa = PBXFileReference; lastKnownFileType = text.javascript; name = main.jsbundle; path = SOONLOG/main.jsbundle; sourceTree = "<group>"; };
		13B07FC31A68108700A75B9A /* assets */ = {isa = PBXFileReference; lastKnownFileType = folder; name = assets; path = SOONLOG/assets; sourceTree = "<group>"; };
		15E39999CA92478FB300CA58 /* ShareExtension.entitlements */ = {isa = PBXFileReference; explicitFileType = undefined; fileEncoding = undefined; includeInIndex = 0; lastKnownFileType = unknown; name = ShareExtension.entitlements; path = ShareExtension.entitlements; sourceTree = "<group>"; };
		3E542E8D3E53F8ED8E4CC5DF /* ExpoModulesProvider.swift */ = {isa = PBXFileReference; includeInIndex = 1; lastKnownFileType = sourcecode.swift; name = ExpoModulesProvider.swift; path = "Pods/Target Support Files/Pods-SOONLOG/ExpoModulesProvider.swift"; sourceTree = "<group>"; };
		4CEB794B2D7A41E9880C7409 /* PrivacyInfo.xcprivacy */ = {isa = PBXFileReference; explicitFileType = undefined; fileEncoding = undefined; includeInIndex = 0; lastKnownFileType = unknown; name = PrivacyInfo.xcprivacy; path = PrivacyInfo.xcprivacy; sourceTree = "<group>"; };
		5EEC31ACE11846CA9067CE2F /* ShareExtension.appex */ = {isa = PBXFileReference; explicitFileType = "wrapper.app-extension"; fileEncoding = undefined; includeInIndex = 0; lastKnownFileType = undefined; name = ShareExtension.appex; path = ShareExtension.appex; sourceTree = BUILT_PRODUCTS_DIR; };
		66708DC70A49CD96870F2473 /* libPods-SOONLOG.a */ = {isa = PBXFileReference; explicitFileType = archive.ar; includeInIndex = 0; path = "libPods-SOONLOG.a"; sourceTree = BUILT_PRODUCTS_DIR; };
		73B2750F5CF14540A64500F5 /* ShareExtension-Info.plist */ = {isa = PBXFileReference; explicitFileType = undefined; fileEncoding = 4; includeInIndex = 0; lastKnownFileType = text.plist.xml; name = "ShareExtension-Info.plist"; path = "ShareExtension-Info.plist"; sourceTree = "<group>"; };
		7C04C8EA4B6F4E8E9CE51101 /* IdeaBoardsModule.swift */ = {isa = PBXFileReference; lastKnownFileType = sourcecode.swift; name = IdeaBoardsModule.swift; path = SOONLOG/IdeaBoardsModule.swift; sourceTree = "<group>"; };
		7C04C8EB4B6F4E8E9CE51101 /* IdeaBoardsModule.m */ = {isa = PBXFileReference; lastKnownFileType = sourcecode.c.objc; name = IdeaBoardsModule.m; path = SOONLOG/IdeaBoardsModule.m; sourceTree = "<group>"; };
		7C0F00000000000000000011 /* Feather.ttf */ = {isa = PBXFileReference; lastKnownFileType = file; name = Feather.ttf; path = SOONLOG/Feather.ttf; sourceTree = "<group>"; };
		7C0F00000000000000000012 /* FontAwesome.ttf */ = {isa = PBXFileReference; lastKnownFileType = file; name = FontAwesome.ttf; path = SOONLOG/FontAwesome.ttf; sourceTree = "<group>"; };
		7C0F00000000000000000013 /* Ionicons.ttf */ = {isa = PBXFileReference; lastKnownFileType = file; name = Ionicons.ttf; path = SOONLOG/Ionicons.ttf; sourceTree = "<group>"; };
		7C0F00000000000000000014 /* MaterialCommunityIcons.ttf */ = {isa = PBXFileReference; lastKnownFileType = file; name = MaterialCommunityIcons.ttf; path = SOONLOG/MaterialCommunityIcons.ttf; sourceTree = "<group>"; };
		7C0F00000000000000000015 /* MaterialIcons.ttf */ = {isa = PBXFileReference; lastKnownFileType = file; name = MaterialIcons.ttf; path = SOONLOG/MaterialIcons.ttf; sourceTree = "<group>"; };
		A142CE13B04A4693A1D68415 /* ShareExtensionPreprocessor.js */ = {isa = PBXFileReference; explicitFileType = undefined; fileEncoding = undefined; includeInIndex = 0; lastKnownFileType = unknown; name = ShareExtensionPreprocessor.js; path = ShareExtensionPreprocessor.js; sourceTree = "<group>"; };
		A4A48C389423C684B4763FB1 /* Pods-SOONLOG.release.xcconfig */ = {isa = PBXFileReference; includeInIndex = 1; lastKnownFileType = text.xcconfig; name = "Pods-SOONLOG.release.xcconfig"; path = "Target Support Files/Pods-SOONLOG/Pods-SOONLOG.release.xcconfig"; sourceTree = "<group>"; };
		AA286B85B6C04FC6940260E9 /* SplashScreen.storyboard */ = {isa = PBXFileReference; fileEncoding = 4; lastKnownFileType = file.storyboard; name = SplashScreen.storyboard; path = SOONLOG/SplashScreen.storyboard; sourceTree = "<group>"; };
		B55DF464A5B32E93A2D04735 /* Pods-SOONLOG.debug.xcconfig */ = {isa = PBXFileReference; includeInIndex = 1; lastKnownFileType = text.xcconfig; name = "Pods-SOONLOG.debug.xcconfig"; path = "Target Support Files/Pods-SOONLOG/Pods-SOONLOG.debug.xcconfig"; sourceTree = "<group>"; };
		BB2F792C24A3F905000567C9 /* Expo.plist */ = {isa = PBXFileReference; fileEncoding = 4; lastKnownFileType = text.plist.xml; path = Expo.plist; sourceTree = "<group>"; };
		EC55A420234F4D3791336DC1 /* MainInterface.storyboard */ = {isa = PBXFileReference; explicitFileType = undefined; fileEncoding = undefined; includeInIndex = 0; lastKnownFileType = unknown; name = MainInterface.storyboard; path = MainInterface.storyboard; sourceTree = "<group>"; };
		ED297162215061F000B7C4FE /* JavaScriptCore.framework */ = {isa = PBXFileReference; lastKnownFileType = wrapper.framework; name = JavaScriptCore.framework; path = System/Library/Frameworks/JavaScriptCore.framework; sourceTree = SDKROOT; };
		F11748412D0307B40044C1D9 /* AppDelegate.swift */ = {isa = PBXFileReference; lastKnownFileType = sourcecode.swift; name = AppDelegate.swift; path = SOONLOG/AppDelegate.swift; sourceTree = "<group>"; };
		F11748442D0722820044C1D9 /* SOONLOG-Bridging-Header.h */ = {isa = PBXFileReference; lastKnownFileType = sourcecode.c.h; name = "SOONLOG-Bridging-Header.h"; path = "SOONLOG/SOONLOG-Bridging-Header.h"; sourceTree = "<group>"; };
/* End PBXFileReference section */

/* Begin PBXFrameworksBuildPhase section */
		13B07F8C1A680F5B00A75B9A /* Frameworks */ = {
			isa = PBXFrameworksBuildPhase;
			buildActionMask = 2147483647;
			files = (
				55009D25EEBEA6F588CCE93B /* libPods-SOONLOG.a in Frameworks */,
			);
			runOnlyForDeploymentPostprocessing = 0;
		};
		7936FF6D401846C9905773DA /* Frameworks */ = {
			isa = PBXFrameworksBuildPhase;
			buildActionMask = 2147483647;
			files = (
			);
			runOnlyForDeploymentPostprocessing = 0;
		};
/* End PBXFrameworksBuildPhase section */

/* Begin PBXGroup section */
		0C7011FEC3224E31964D4C5B /* SOONLOG */ = {
			isa = PBXGroup;
			children = (
				3E542E8D3E53F8ED8E4CC5DF /* ExpoModulesProvider.swift */,
			);
			name = SOONLOG;
			sourceTree = "<group>";
		};
		13B07FAE1A68108700A75B9A /* SOONLOG */ = {
			isa = PBXGroup;
			children = (
				F11748412D0307B40044C1D9 /* AppDelegate.swift */,
				7C04C8EA4B6F4E8E9CE51101 /* IdeaBoardsModule.swift */,
				7C04C8EB4B6F4E8E9CE51101 /* IdeaBoardsModule.m */,
				F11748442D0722820044C1D9 /* SOONLOG-Bridging-Header.h */,
				BB2F792B24A3F905000567C9 /* Supporting */,
				13B07FB51A68108700A75B9A /* Images.xcassets */,
				13B07FC21A68108700A75B9A /* main.jsbundle */,
				13B07FC31A68108700A75B9A /* assets */,
				7C0F00000000000000000011 /* Feather.ttf */,
				7C0F00000000000000000012 /* FontAwesome.ttf */,
				7C0F00000000000000000013 /* Ionicons.ttf */,
				7C0F00000000000000000014 /* MaterialCommunityIcons.ttf */,
				7C0F00000000000000000015 /* MaterialIcons.ttf */,
				13B07FB61A68108700A75B9A /* Info.plist */,
				AA286B85B6C04FC6940260E9 /* SplashScreen.storyboard */,
			);
			name = SOONLOG;
			sourceTree = "<group>";
		};
		2D16E6871FA4F8E400B85C8A /* Frameworks */ = {
			isa = PBXGroup;
			children = (
				ED297162215061F000B7C4FE /* JavaScriptCore.framework */,
				66708DC70A49CD96870F2473 /* libPods-SOONLOG.a */,
			);
			name = Frameworks;
			sourceTree = "<group>";
		};
		832341AE1AAA6A7D00B99B32 /* Libraries */ = {
			isa = PBXGroup;
			children = (
			);
			name = Libraries;
			sourceTree = "<group>";
		};
		83CBB9F61A601CBA00E9B192 = {
			isa = PBXGroup;
			children = (
				13B07FAE1A68108700A75B9A /* SOONLOG */,
				832341AE1AAA6A7D00B99B32 /* Libraries */,
				83CBBA001A601CBA00E9B192 /* Products */,
				2D16E6871FA4F8E400B85C8A /* Frameworks */,
				8A9AB26CECBA4511814C4BE0 /* ShareExtension */,
				C41758055A9CD753A7AEAD08 /* Pods */,
				8BCD1AC93472CBDDCBF9A348 /* ExpoModulesProviders */,
			);
			indentWidth = 2;
			sourceTree = "<group>";
			tabWidth = 2;
			usesTabs = 0;
		};
		83CBBA001A601CBA00E9B192 /* Products */ = {
			isa = PBXGroup;
			children = (
				13B07F961A680F5B00A75B9A /* SOONLOG.app */,
				5EEC31ACE11846CA9067CE2F /* ShareExtension.appex */,
			);
			name = Products;
			sourceTree = "<group>";
		};
		8A9AB26CECBA4511814C4BE0 /* ShareExtension */ = {
			isa = PBXGroup;
			children = (
				08EA97E48C5243729DB8EE3B /* ShareViewController.swift */,
				EC55A420234F4D3791336DC1 /* MainInterface.storyboard */,
				A142CE13B04A4693A1D68415 /* ShareExtensionPreprocessor.js */,
				4CEB794B2D7A41E9880C7409 /* PrivacyInfo.xcprivacy */,
				73B2750F5CF14540A64500F5 /* ShareExtension-Info.plist */,
				15E39999CA92478FB300CA58 /* ShareExtension.entitlements */,
			);
			name = ShareExtension;
			path = ShareExtension;
			sourceTree = "<group>";
		};
		8BCD1AC93472CBDDCBF9A348 /* ExpoModulesProviders */ = {
			isa = PBXGroup;
			children = (
				0C7011FEC3224E31964D4C5B /* SOONLOG */,
			);
			name = ExpoModulesProviders;
			sourceTree = "<group>";
		};
		BB2F792B24A3F905000567C9 /* Supporting */ = {
			isa = PBXGroup;
			children = (
				BB2F792C24A3F905000567C9 /* Expo.plist */,
			);
			name = Supporting;
			path = SOONLOG/Supporting;
			sourceTree = "<group>";
		};
		C41758055A9CD753A7AEAD08 /* Pods */ = {
			isa = PBXGroup;
			children = (
				B55DF464A5B32E93A2D04735 /* Pods-SOONLOG.debug.xcconfig */,
				A4A48C389423C684B4763FB1 /* Pods-SOONLOG.release.xcconfig */,
			);
			name = Pods;
			path = Pods;
			sourceTree = "<group>";
		};
/* End PBXGroup section */

/* Begin PBXNativeTarget section */
		13B07F861A680F5B00A75B9A /* SOONLOG */ = {
			isa = PBXNativeTarget;
			buildConfigurationList = 13B07F931A680F5B00A75B9A /* Build configuration list for PBXNativeTarget "SOONLOG" */;
			buildPhases = (
				13B07F871A680F5B00A75B9A /* Sources */,
				13B07F8C1A680F5B00A75B9A /* Frameworks */,
				13B07F8E1A680F5B00A75B9A /* Resources */,
				B00F00D1234567890ABCDEFA /* Bundle React Native code and images */,
				A8B2373F91F7427BA40FAC0E /* Copy Files */,
				CF59A2A3D9C6A30DA1CF5DAC /* [CP] Copy Pods Resources */,
				3ACC7C67438F54DC7DB42BEB /* Copy GoogleMaps.bundle */,
			);
			buildRules = (
			);
			dependencies = (
				6781FA60BA2449BB9BE4C82F /* PBXTargetDependency */,
			);
			name = SOONLOG;
			productName = SOONLOG;
			productReference = 13B07F961A680F5B00A75B9A /* SOONLOG.app */;
			productType = "com.apple.product-type.application";
		};
		ED6B13FB88B441BDA9C8E670 /* ShareExtension */ = {
			isa = PBXNativeTarget;
			buildConfigurationList = 617416B0F2AF4C7EAD1514E7 /* Build configuration list for PBXNativeTarget "ShareExtension" */;
			buildPhases = (
				F3CD950CABBA4070877D6A4F /* Sources */,
				34B71832405549C8890E70D3 /* Resources */,
				7936FF6D401846C9905773DA /* Frameworks */,
			);
			buildRules = (
			);
			dependencies = (
			);
			name = ShareExtension;
			productName = ShareExtension;
			productReference = 5EEC31ACE11846CA9067CE2F /* ShareExtension.appex */;
			productType = "com.apple.product-type.app-extension";
		};
/* End PBXNativeTarget section */

/* Begin PBXProject section */
		83CBB9F71A601CBA00E9B192 /* Project object */ = {
			isa = PBXProject;
			attributes = {
				LastUpgradeCheck = 1130;
				TargetAttributes = {
					13B07F861A680F5B00A75B9A = {
						DevelopmentTeam = K47W3XX3CK;
						LastSwiftMigration = 1250;
						ProvisioningStyle = Automatic;
					};
					ED6B13FB88B441BDA9C8E670 = {
						DevelopmentTeam = K47W3XX3CK;
						ProvisioningStyle = Automatic;
					};
				};
			};
			buildConfigurationList = 83CBB9FA1A601CBA00E9B192 /* Build configuration list for PBXProject "SOONLOG" */;
			compatibilityVersion = "Xcode 3.2";
			developmentRegion = en;
			hasScannedForEncodings = 0;
			knownRegions = (
				en,
				Base,
			);
			mainGroup = 83CBB9F61A601CBA00E9B192;
			productRefGroup = 83CBBA001A601CBA00E9B192 /* Products */;
			projectDirPath = "";
			projectRoot = "";
			targets = (
				13B07F861A680F5B00A75B9A /* SOONLOG */,
				ED6B13FB88B441BDA9C8E670 /* ShareExtension */,
			);
		};
/* End PBXProject section */

/* Begin PBXResourcesBuildPhase section */
		13B07F8E1A680F5B00A75B9A /* Resources */ = {
			isa = PBXResourcesBuildPhase;
			buildActionMask = 2147483647;
			files = (
				BB2F792D24A3F905000567C9 /* Expo.plist in Resources */,
				13B07FC11A68108700A75B9A /* assets in Resources */,
				7C0F00000000000000000001 /* Feather.ttf in Resources */,
				7C0F00000000000000000002 /* FontAwesome.ttf in Resources */,
				7C0F00000000000000000003 /* Ionicons.ttf in Resources */,
				7C0F00000000000000000004 /* MaterialCommunityIcons.ttf in Resources */,
				7C0F00000000000000000005 /* MaterialIcons.ttf in Resources */,
				13B07FBF1A68108700A75B9A /* Images.xcassets in Resources */,
				3E461D99554A48A4959DE609 /* SplashScreen.storyboard in Resources */,
				DDE089907FF6E03CAF8DF800 /* PrivacyInfo.xcprivacy in Resources */,
			);
			runOnlyForDeploymentPostprocessing = 0;
		};
		34B71832405549C8890E70D3 /* Resources */ = {
			isa = PBXResourcesBuildPhase;
			buildActionMask = 2147483647;
			files = (
				16E8CDA4E1A14C7FABBDE038 /* MainInterface.storyboard in Resources */,
				A4C8C2C80B24457C92A9D032 /* ShareExtensionPreprocessor.js in Resources */,
				3C1C03A00C6946478E12DD89 /* PrivacyInfo.xcprivacy in Resources */,
			);
			runOnlyForDeploymentPostprocessing = 0;
		};
/* End PBXResourcesBuildPhase section */

/* Begin PBXShellScriptBuildPhase section */
		3ACC7C67438F54DC7DB42BEB /* Copy GoogleMaps.bundle */ = {
			isa = PBXShellScriptBuildPhase;
			buildActionMask = 2147483647;
			files = (
			);
			inputFileListPaths = (
			);
			inputPaths = (
			);
			name = "Copy GoogleMaps.bundle";
			outputFileListPaths = (
			);
			outputPaths = (
				"${TARGET_BUILD_DIR}/${UNLOCALIZED_RESOURCES_FOLDER_PATH}/GoogleMaps.bundle",
			);
			runOnlyForDeploymentPostprocessing = 0;
			shellPath = /bin/bash;
			shellScript = "set -e\nGOOGLE_MAPS_BUNDLE=\"${PODS_ROOT}/GoogleMaps/Maps/Resources/GoogleMapsResources/GoogleMaps.bundle\"\nDESTINATION=\"${TARGET_BUILD_DIR}/${UNLOCALIZED_RESOURCES_FOLDER_PATH}/GoogleMaps.bundle\"\nif [ -d \"$GOOGLE_MAPS_BUNDLE\" ]; then\n  rm -rf \"$DESTINATION\"\n  cp -RX \"$GOOGLE_MAPS_BUNDLE\" \"$DESTINATION\"\nfi\nxattr -cr \"${TARGET_BUILD_DIR}/${UNLOCALIZED_RESOURCES_FOLDER_PATH}\" 2>/dev/null || true\n";
		};
		B00F00D1234567890ABCDEFA /* Bundle React Native code and images */ = {
			isa = PBXShellScriptBuildPhase;
			buildActionMask = 2147483647;
			files = (
			);
			inputPaths = (
			);
			name = "Bundle React Native code and images";
			outputPaths = (
				"$(CONFIGURATION_BUILD_DIR)/$(UNLOCALIZED_RESOURCES_FOLDER_PATH)/main.jsbundle",
			);
			runOnlyForDeploymentPostprocessing = 0;
			shellPath = /bin/sh;
			shellScript = "set -e\nexport PROJECT_ROOT=\"$PROJECT_DIR/..\"\nexport NODE_BINARY=\"${NODE_BINARY:-$(command -v node)}\"\nexport REACT_NATIVE_PATH=\"$PROJECT_ROOT/node_modules/react-native\"\nexport ENTRY_FILE=\"$(\"$NODE_BINARY\" \"$(\"$NODE_BINARY\" --print \"require.resolve('expo/scripts/resolveAppEntry')\" | tail -n 1)\" \"$PROJECT_ROOT\" ios absolute | tail -n 1)\"\nexport BUNDLE_COMMAND=\"export:embed\"\n# Physical-device Debug builds still embed a fallback JS bundle. Keep that bundle production-like so it does not try to open React DevTools websockets in embedded environments.\nexport EXTRA_PACKAGER_ARGS=\"$EXTRA_PACKAGER_ARGS --dev false\"\nWITH_ENVIRONMENT=\"$REACT_NATIVE_PATH/scripts/xcode/with-environment.sh\"\nREACT_NATIVE_XCODE=\"$REACT_NATIVE_PATH/scripts/react-native-xcode.sh\"\n/bin/sh -c \"$WITH_ENVIRONMENT $REACT_NATIVE_XCODE\"\n";
		};
		CF59A2A3D9C6A30DA1CF5DAC /* [CP] Copy Pods Resources */ = {
			isa = PBXShellScriptBuildPhase;
			buildActionMask = 2147483647;
			files = (
			);
			inputPaths = (
				"${PODS_ROOT}/Target Support Files/Pods-SOONLOG/Pods-SOONLOG-resources.sh",
				"${PODS_CONFIGURATION_BUILD_DIR}/EXApplication/ExpoApplication_privacy.bundle",
				"${PODS_CONFIGURATION_BUILD_DIR}/EXConstants/EXConstants.bundle",
				"${PODS_CONFIGURATION_BUILD_DIR}/EXConstants/ExpoConstants_privacy.bundle",
				"${PODS_CONFIGURATION_BUILD_DIR}/EXNotifications/ExpoNotifications_privacy.bundle",
				"${PODS_CONFIGURATION_BUILD_DIR}/ExpoDevice/ExpoDevice_privacy.bundle",
				"${PODS_CONFIGURATION_BUILD_DIR}/ExpoFileSystem/ExpoFileSystem_privacy.bundle",
				"${PODS_CONFIGURATION_BUILD_DIR}/ExpoMediaLibrary/ExpoMediaLibrary_privacy.bundle",
				"${PODS_CONFIGURATION_BUILD_DIR}/GoogleMaps/GoogleMapsResources.bundle",
				"${PODS_CONFIGURATION_BUILD_DIR}/RCT-Folly/RCT-Folly_privacy.bundle",
				"${PODS_CONFIGURATION_BUILD_DIR}/RNCAsyncStorage/RNCAsyncStorage_resources.bundle",
				"${PODS_CONFIGURATION_BUILD_DIR}/RNSVG/RNSVGFilters.bundle",
				"${PODS_CONFIGURATION_BUILD_DIR}/React-Core/React-Core_privacy.bundle",
				"${PODS_CONFIGURATION_BUILD_DIR}/React-cxxreact/React-cxxreact_privacy.bundle",
				"${PODS_CONFIGURATION_BUILD_DIR}/boost/boost_privacy.bundle",
				"${PODS_CONFIGURATION_BUILD_DIR}/glog/glog_privacy.bundle",
				"${PODS_CONFIGURATION_BUILD_DIR}/react-native-google-maps/GoogleMapsPrivacy.bundle",
				"${PODS_CONFIGURATION_BUILD_DIR}/react-native-maps/ReactNativeMapsPrivacy.bundle",
			);
			name = "[CP] Copy Pods Resources";
			outputPaths = (
				"${TARGET_BUILD_DIR}/${UNLOCALIZED_RESOURCES_FOLDER_PATH}/ExpoApplication_privacy.bundle",
				"${TARGET_BUILD_DIR}/${UNLOCALIZED_RESOURCES_FOLDER_PATH}/EXConstants.bundle",
				"${TARGET_BUILD_DIR}/${UNLOCALIZED_RESOURCES_FOLDER_PATH}/ExpoConstants_privacy.bundle",
				"${TARGET_BUILD_DIR}/${UNLOCALIZED_RESOURCES_FOLDER_PATH}/ExpoNotifications_privacy.bundle",
				"${TARGET_BUILD_DIR}/${UNLOCALIZED_RESOURCES_FOLDER_PATH}/ExpoDevice_privacy.bundle",
				"${TARGET_BUILD_DIR}/${UNLOCALIZED_RESOURCES_FOLDER_PATH}/ExpoFileSystem_privacy.bundle",
				"${TARGET_BUILD_DIR}/${UNLOCALIZED_RESOURCES_FOLDER_PATH}/ExpoMediaLibrary_privacy.bundle",
				"${TARGET_BUILD_DIR}/${UNLOCALIZED_RESOURCES_FOLDER_PATH}/GoogleMapsResources.bundle",
				"${TARGET_BUILD_DIR}/${UNLOCALIZED_RESOURCES_FOLDER_PATH}/RCT-Folly_privacy.bundle",
				"${TARGET_BUILD_DIR}/${UNLOCALIZED_RESOURCES_FOLDER_PATH}/RNCAsyncStorage_resources.bundle",
				"${TARGET_BUILD_DIR}/${UNLOCALIZED_RESOURCES_FOLDER_PATH}/RNSVGFilters.bundle",
				"${TARGET_BUILD_DIR}/${UNLOCALIZED_RESOURCES_FOLDER_PATH}/React-Core_privacy.bundle",
				"${TARGET_BUILD_DIR}/${UNLOCALIZED_RESOURCES_FOLDER_PATH}/React-cxxreact_privacy.bundle",
				"${TARGET_BUILD_DIR}/${UNLOCALIZED_RESOURCES_FOLDER_PATH}/boost_privacy.bundle",
				"${TARGET_BUILD_DIR}/${UNLOCALIZED_RESOURCES_FOLDER_PATH}/glog_privacy.bundle",
				"${TARGET_BUILD_DIR}/${UNLOCALIZED_RESOURCES_FOLDER_PATH}/GoogleMapsPrivacy.bundle",
				"${TARGET_BUILD_DIR}/${UNLOCALIZED_RESOURCES_FOLDER_PATH}/ReactNativeMapsPrivacy.bundle",
			);
			runOnlyForDeploymentPostprocessing = 0;
			shellPath = /bin/bash;
			shellScript = "\"${PODS_ROOT}/Target Support Files/Pods-SOONLOG/Pods-SOONLOG-resources.sh\"\n";
			showEnvVarsInLog = 0;
		};
/* End PBXShellScriptBuildPhase section */

/* Begin PBXSourcesBuildPhase section */
		13B07F871A680F5B00A75B9A /* Sources */ = {
			isa = PBXSourcesBuildPhase;
			buildActionMask = 2147483647;
			files = (
				F11748422D0307B40044C1D9 /* AppDelegate.swift in Sources */,
				7C04C8EC4B6F4E8E9CE51101 /* IdeaBoardsModule.swift in Sources */,
				7C04C8ED4B6F4E8E9CE51101 /* IdeaBoardsModule.m in Sources */,
				43A84DBF4CE4CCE35E350F51 /* ExpoModulesProvider.swift in Sources */,
			);
			runOnlyForDeploymentPostprocessing = 0;
		};
		F3CD950CABBA4070877D6A4F /* Sources */ = {
			isa = PBXSourcesBuildPhase;
			buildActionMask = 2147483647;
			files = (
				34B76A09326044BBB7A58CB5 /* ShareViewController.swift in Sources */,
			);
			runOnlyForDeploymentPostprocessing = 0;
		};
/* End PBXSourcesBuildPhase section */

/* Begin PBXTargetDependency section */
		6781FA60BA2449BB9BE4C82F /* PBXTargetDependency */ = {
			isa = PBXTargetDependency;
			target = ED6B13FB88B441BDA9C8E670 /* ShareExtension */;
			targetProxy = 6A4EEF147E72435DA72BC59B /* PBXContainerItemProxy */;
		};
/* End PBXTargetDependency section */

/* Begin XCBuildConfiguration section */
		13B07F941A680F5B00A75B9A /* Debug */ = {
			isa = XCBuildConfiguration;
			baseConfigurationReference = B55DF464A5B32E93A2D04735 /* Pods-SOONLOG.debug.xcconfig */;
			buildSettings = {
				ASSETCATALOG_COMPILER_APPICON_NAME = AppIcon;
				CLANG_ENABLE_MODULES = YES;
				CODE_SIGN_ENTITLEMENTS = SOONLOG/SOONLOG.entitlements;
				CODE_SIGN_IDENTITY = "Apple Development";
				CODE_SIGN_STYLE = Automatic;
				CURRENT_PROJECT_VERSION = 1;
				DEVELOPMENT_TEAM = K47W3XX3CK;
				ENABLE_BITCODE = NO;
				ENABLE_USER_SCRIPT_SANDBOXING = NO;
				GCC_PREPROCESSOR_DEFINITIONS = (
					"$(inherited)",
					"FB_SONARKIT_ENABLED=1",
				);
				INFOPLIST_FILE = SOONLOG/Info.plist;
				IPHONEOS_DEPLOYMENT_TARGET = 15.1;
				LD_RUNPATH_SEARCH_PATHS = (
					"$(inherited)",
					"@executable_path/Frameworks",
				);
				MARKETING_VERSION = 1.0;
				OTHER_LDFLAGS = (
					"$(inherited)",
					"-ObjC",
					"-lc++",
				);
				OTHER_SWIFT_FLAGS = "$(inherited) -D EXPO_CONFIGURATION_DEBUG";
				PRODUCT_BUNDLE_IDENTIFIER = com.theirstudio.sooncreatorlog;
				PRODUCT_NAME = SOONLOG;
				SWIFT_ENABLE_EXPLICIT_MODULES = NO;
				SWIFT_OBJC_BRIDGING_HEADER = "SOONLOG/SOONLOG-Bridging-Header.h";
				SWIFT_OPTIMIZATION_LEVEL = "-Onone";
				SWIFT_VERSION = 5.0;
				TARGETED_DEVICE_FAMILY = "1,2";
				VERSIONING_SYSTEM = "apple-generic";
			};
			name = Debug;
		};
		13B07F951A680F5B00A75B9A /* Release */ = {
			isa = XCBuildConfiguration;
			baseConfigurationReference = A4A48C389423C684B4763FB1 /* Pods-SOONLOG.release.xcconfig */;
			buildSettings = {
				ASSETCATALOG_COMPILER_APPICON_NAME = AppIcon;
				CLANG_ENABLE_MODULES = YES;
				CODE_SIGN_ENTITLEMENTS = SOONLOG/SOONLOG.entitlements;
				CODE_SIGN_IDENTITY = "Apple Development";
				CODE_SIGN_STYLE = Automatic;
				CURRENT_PROJECT_VERSION = 1;
				DEVELOPMENT_TEAM = K47W3XX3CK;
				ENABLE_USER_SCRIPT_SANDBOXING = NO;
				INFOPLIST_FILE = SOONLOG/Info.plist;
				IPHONEOS_DEPLOYMENT_TARGET = 15.1;
				LD_RUNPATH_SEARCH_PATHS = (
					"$(inherited)",
					"@executable_path/Frameworks",
				);
				MARKETING_VERSION = 1.0;
				OTHER_LDFLAGS = (
					"$(inherited)",
					"-ObjC",
					"-lc++",
				);
				OTHER_SWIFT_FLAGS = "$(inherited) -D EXPO_CONFIGURATION_RELEASE";
				PRODUCT_BUNDLE_IDENTIFIER = com.theirstudio.sooncreatorlog;
				PRODUCT_NAME = SOONLOG;
				SWIFT_ENABLE_EXPLICIT_MODULES = NO;
				SWIFT_OBJC_BRIDGING_HEADER = "SOONLOG/SOONLOG-Bridging-Header.h";
				SWIFT_VERSION = 5.0;
				TARGETED_DEVICE_FAMILY = "1,2";
				VERSIONING_SYSTEM = "apple-generic";
			};
			name = Release;
		};
		519FB7B5D5CD409AB628C2BD /* Debug */ = {
			isa = XCBuildConfiguration;
			buildSettings = {
				CLANG_ENABLE_MODULES = YES;
				CODE_SIGN_ENTITLEMENTS = ShareExtension/ShareExtension.entitlements;
				CODE_SIGN_IDENTITY = "Apple Development";
				CODE_SIGN_STYLE = Automatic;
				CURRENT_PROJECT_VERSION = 1;
				DEVELOPMENT_TEAM = K47W3XX3CK;
				ENABLE_USER_SCRIPT_SANDBOXING = NO;
				GCC_PREPROCESSOR_DEFINITIONS = (
					"DEBUG=1",
					"$(inherited)",
				);
				GENERATE_INFOPLIST_FILE = YES;
				INFOPLIST_FILE = "ShareExtension/ShareExtension-Info.plist";
				LD_RUNPATH_SEARCH_PATHS = (
					"$(inherited)",
					"@executable_path/Frameworks",
					"@executable_path/../../Frameworks",
				);
				MARKETING_VERSION = 1.0.0;
				OTHER_SWIFT_FLAGS = "$(inherited) -D EXPO_CONFIGURATION_DEBUG";
				PRODUCT_BUNDLE_IDENTIFIER = com.theirstudio.sooncreatorlog.share;
				PRODUCT_NAME = ShareExtension;
				SKIP_INSTALL = YES;
				SWIFT_EMIT_LOC_STRINGS = YES;
				SWIFT_ENABLE_EXPLICIT_MODULES = NO;
				SWIFT_VERSION = 5.0;
				TARGETED_DEVICE_FAMILY = "1,2";
			};
			name = Debug;
		};
		67EF18A4E16F4FEAB6CF2E44 /* Release */ = {
			isa = XCBuildConfiguration;
			buildSettings = {
				CLANG_ENABLE_MODULES = YES;
				CODE_SIGN_ENTITLEMENTS = ShareExtension/ShareExtension.entitlements;
				CODE_SIGN_IDENTITY = "Apple Development";
				CODE_SIGN_STYLE = Automatic;
				CURRENT_PROJECT_VERSION = 1;
				DEVELOPMENT_TEAM = K47W3XX3CK;
				ENABLE_USER_SCRIPT_SANDBOXING = NO;
				GENERATE_INFOPLIST_FILE = YES;
				INFOPLIST_FILE = "ShareExtension/ShareExtension-Info.plist";
				LD_RUNPATH_SEARCH_PATHS = (
					"$(inherited)",
					"@executable_path/Frameworks",
					"@executable_path/../../Frameworks",
				);
				MARKETING_VERSION = 1.0.0;
				OTHER_SWIFT_FLAGS = "$(inherited) -D EXPO_CONFIGURATION_RELEASE";
				PRODUCT_BUNDLE_IDENTIFIER = com.theirstudio.sooncreatorlog.share;
				PRODUCT_NAME = ShareExtension;
				SKIP_INSTALL = YES;
				SWIFT_EMIT_LOC_STRINGS = YES;
				SWIFT_ENABLE_EXPLICIT_MODULES = NO;
				SWIFT_VERSION = 5.0;
				TARGETED_DEVICE_FAMILY = "1,2";
			};
			name = Release;
		};
		83CBBA201A601CBA00E9B192 /* Debug */ = {
			isa = XCBuildConfiguration;
			buildSettings = {
				ALWAYS_SEARCH_USER_PATHS = NO;
				CLANG_ANALYZER_LOCALIZABILITY_NONLOCALIZED = YES;
				CLANG_CXX_LANGUAGE_STANDARD = "c++20";
				CLANG_CXX_LIBRARY = "libc++";
				CLANG_ENABLE_MODULES = YES;
				CLANG_ENABLE_OBJC_ARC = YES;
				CLANG_WARN_BLOCK_CAPTURE_AUTORELEASING = YES;
				CLANG_WARN_BOOL_CONVERSION = YES;
				CLANG_WARN_COMMA = YES;
				CLANG_WARN_CONSTANT_CONVERSION = YES;
				CLANG_WARN_DEPRECATED_OBJC_IMPLEMENTATIONS = YES;
				CLANG_WARN_DIRECT_OBJC_ISA_USAGE = YES_ERROR;
				CLANG_WARN_EMPTY_BODY = YES;
				CLANG_WARN_ENUM_CONVERSION = YES;
				CLANG_WARN_INFINITE_RECURSION = YES;
				CLANG_WARN_INT_CONVERSION = YES;
				CLANG_WARN_NON_LITERAL_NULL_CONVERSION = YES;
				CLANG_WARN_OBJC_IMPLICIT_RETAIN_SELF = YES;
				CLANG_WARN_OBJC_LITERAL_CONVERSION = YES;
				CLANG_WARN_OBJC_ROOT_CLASS = YES_ERROR;
				CLANG_WARN_RANGE_LOOP_ANALYSIS = YES;
				CLANG_WARN_STRICT_PROTOTYPES = YES;
				CLANG_WARN_SUSPICIOUS_MOVE = YES;
				CLANG_WARN_UNREACHABLE_CODE = YES;
				CLANG_WARN__DUPLICATE_METHOD_MATCH = YES;
				"CODE_SIGN_IDENTITY[sdk=iphoneos*]" = "iPhone Developer";
				COPY_PHASE_STRIP = NO;
				ENABLE_STRICT_OBJC_MSGSEND = YES;
				ENABLE_TESTABILITY = YES;
				GCC_C_LANGUAGE_STANDARD = gnu99;
				GCC_DYNAMIC_NO_PIC = NO;
				GCC_NO_COMMON_BLOCKS = YES;
				GCC_OPTIMIZATION_LEVEL = 0;
				GCC_PREPROCESSOR_DEFINITIONS = (
					"DEBUG=1",
					"$(inherited)",
				);
				GCC_SYMBOLS_PRIVATE_EXTERN = NO;
				GCC_WARN_64_TO_32_BIT_CONVERSION = YES;
				GCC_WARN_ABOUT_RETURN_TYPE = YES_ERROR;
				GCC_WARN_UNDECLARED_SELECTOR = YES;
				GCC_WARN_UNINITIALIZED_AUTOS = YES_AGGRESSIVE;
				GCC_WARN_UNUSED_FUNCTION = YES;
				GCC_WARN_UNUSED_VARIABLE = YES;
				IPHONEOS_DEPLOYMENT_TARGET = 15.1;
				LD_RUNPATH_SEARCH_PATHS = (
					/usr/lib/swift,
					"$(inherited)",
				);
				LIBRARY_SEARCH_PATHS = "$(SDKROOT)/usr/lib/swift\"$(inherited)\"";
				MTL_ENABLE_DEBUG_INFO = YES;
				ONLY_ACTIVE_ARCH = YES;
				OTHER_LDFLAGS = (
					"$(inherited)",
					" ",
				);
				REACT_NATIVE_PATH = "${PODS_ROOT}/../../node_modules/react-native";
				SDKROOT = iphoneos;
				SWIFT_ACTIVE_COMPILATION_CONDITIONS = "$(inherited) DEBUG";
				USE_HERMES = false;
			};
			name = Debug;
		};
		83CBBA211A601CBA00E9B192 /* Release */ = {
			isa = XCBuildConfiguration;
			buildSettings = {
				ALWAYS_SEARCH_USER_PATHS = NO;
				CLANG_ANALYZER_LOCALIZABILITY_NONLOCALIZED = YES;
				CLANG_CXX_LANGUAGE_STANDARD = "c++20";
				CLANG_CXX_LIBRARY = "libc++";
				CLANG_ENABLE_MODULES = YES;
				CLANG_ENABLE_OBJC_ARC = YES;
				CLANG_WARN_BLOCK_CAPTURE_AUTORELEASING = YES;
				CLANG_WARN_BOOL_CONVERSION = YES;
				CLANG_WARN_COMMA = YES;
				CLANG_WARN_CONSTANT_CONVERSION = YES;
				CLANG_WARN_DEPRECATED_OBJC_IMPLEMENTATIONS = YES;
				CLANG_WARN_DIRECT_OBJC_ISA_USAGE = YES_ERROR;
				CLANG_WARN_EMPTY_BODY = YES;
				CLANG_WARN_ENUM_CONVERSION = YES;
				CLANG_WARN_INFINITE_RECURSION = YES;
				CLANG_WARN_INT_CONVERSION = YES;
				CLANG_WARN_NON_LITERAL_NULL_CONVERSION = YES;
				CLANG_WARN_OBJC_IMPLICIT_RETAIN_SELF = YES;
				CLANG_WARN_OBJC_LITERAL_CONVERSION = YES;
				CLANG_WARN_OBJC_ROOT_CLASS = YES_ERROR;
				CLANG_WARN_RANGE_LOOP_ANALYSIS = YES;
				CLANG_WARN_STRICT_PROTOTYPES = YES;
				CLANG_WARN_SUSPICIOUS_MOVE = YES;
				CLANG_WARN_UNREACHABLE_CODE = YES;
				CLANG_WARN__DUPLICATE_METHOD_MATCH = YES;
				"CODE_SIGN_IDENTITY[sdk=iphoneos*]" = "iPhone Developer";
				COPY_PHASE_STRIP = YES;
				ENABLE_NS_ASSERTIONS = NO;
				ENABLE_STRICT_OBJC_MSGSEND = YES;
				GCC_C_LANGUAGE_STANDARD = gnu99;
				GCC_NO_COMMON_BLOCKS = YES;
				GCC_WARN_64_TO_32_BIT_CONVERSION = YES;
				GCC_WARN_ABOUT_RETURN_TYPE = YES_ERROR;
				GCC_WARN_UNDECLARED_SELECTOR = YES;
				GCC_WARN_UNINITIALIZED_AUTOS = YES_AGGRESSIVE;
				GCC_WARN_UNUSED_FUNCTION = YES;
				GCC_WARN_UNUSED_VARIABLE = YES;
				IPHONEOS_DEPLOYMENT_TARGET = 15.1;
				LD_RUNPATH_SEARCH_PATHS = (
					/usr/lib/swift,
					"$(inherited)",
				);
				LIBRARY_SEARCH_PATHS = "$(SDKROOT)/usr/lib/swift\"$(inherited)\"";
				MTL_ENABLE_DEBUG_INFO = NO;
				OTHER_LDFLAGS = (
					"$(inherited)",
					" ",
				);
				REACT_NATIVE_PATH = "${PODS_ROOT}/../../node_modules/react-native";
				SDKROOT = iphoneos;
				USE_HERMES = false;
				VALIDATE_PRODUCT = YES;
			};
			name = Release;
		};
/* End XCBuildConfiguration section */

/* Begin XCConfigurationList section */
		13B07F931A680F5B00A75B9A /* Build configuration list for PBXNativeTarget "SOONLOG" */ = {
			isa = XCConfigurationList;
			buildConfigurations = (
				13B07F941A680F5B00A75B9A /* Debug */,
				13B07F951A680F5B00A75B9A /* Release */,
			);
			defaultConfigurationIsVisible = 0;
			defaultConfigurationName = Release;
		};
		617416B0F2AF4C7EAD1514E7 /* Build configuration list for PBXNativeTarget "ShareExtension" */ = {
			isa = XCConfigurationList;
			buildConfigurations = (
				519FB7B5D5CD409AB628C2BD /* Debug */,
				67EF18A4E16F4FEAB6CF2E44 /* Release */,
			);
			defaultConfigurationIsVisible = 0;
			defaultConfigurationName = Release;
		};
		83CBB9FA1A601CBA00E9B192 /* Build configuration list for PBXProject "SOONLOG" */ = {
			isa = XCConfigurationList;
			buildConfigurations = (
				83CBBA201A601CBA00E9B192 /* Debug */,
				83CBBA211A601CBA00E9B192 /* Release */,
			);
			defaultConfigurationIsVisible = 0;
			defaultConfigurationName = Release;
		};
/* End XCConfigurationList section */
	};
	rootObject = 83CBB9F71A601CBA00E9B192 /* Project object */;
}
